
Microsoft Visual Studio Solution File, Format Version 12.00
# Visual Studio Version 17
VisualStudioVersion = 17.0.31903.59
MinimumVisualStudioVersion = 10.0.40219.1
Project("{2150E333-8FDC-42A3-9474-1A3956D46DE8}") = "src", "src", "{827E0CD3-B72D-47B6-A68D-7590B98EB39B}"
EndProject
Project("{FAE04EC0-301F-11D3-BF4B-00C04F79EFBC}") = "RECO.Domain", "src\RECO.Domain\RECO.Domain.csproj", "{96B26362-9AE4-40A9-A5A1-7B12504CF5DA}"
EndProject
Project("{FAE04EC0-301F-11D3-BF4B-00C04F79EFBC}") = "RECO.Application", "src\RECO.Application\RECO.Application.csproj", "{D62D469A-8F29-4920-81F3-7FF703EFE502}"
EndProject
Project("{FAE04EC0-301F-11D3-BF4B-00C04F79EFBC}") = "RECO.Infrastructure", "src\RECO.Infrastructure\RECO.Infrastructure.csproj", "{F5C9C213-91D7-4335-8FB1-DAEFB34B9B64}"
EndProject
Project("{FAE04EC0-301F-11D3-BF4B-00C04F79EFBC}") = "RECO.API", "src\RECO.API\RECO.API.csproj", "{566C9063-438C-4CCF-A70F-1097D5692BC5}"
EndProject
Project("{FAE04EC0-301F-11D3-BF4B-00C04F79EFBC}") = "RECO.Worker", "src\RECO.Worker\RECO.Worker.csproj", "{E8C7034F-AC02-475C-BA02-35A3888C0ED1}"
EndProject
Project("{2150E333-8FDC-42A3-9474-1A3956D46DE8}") = "tests", "tests", "{0AB3BF05-4346-4AA6-1389-037BE0695223}"
EndProject
Project("{FAE04EC0-301F-11D3-BF4B-00C04F79EFBC}") = "RECO.Domain.Tests", "tests\RECO.Domain.Tests\RECO.Domain.Tests.csproj", "{C793D852-A3B5-4916-80CC-F76FA2A674A1}"
EndProject
Project("{FAE04EC0-301F-11D3-BF4B-00C04F79EFBC}") = "RECO.Infrastructure.IntegrationTests", "tests\RECO.Infrastructure.IntegrationTests\RECO.Infrastructure.IntegrationTests.csproj", "{A4E153EA-128A-456C-8BEB-1FA46DA7B0D2}"
EndProject
Global
	GlobalSection(SolutionConfigurationPlatforms) = preSolution
		Debug|Any CPU = Debug|Any CPU
		Debug|x64 = Debug|x64
		Debug|x86 = Debug|x86
		Release|Any CPU = Release|Any CPU
		Release|x64 = Release|x64
		Release|x86 = Release|x86
	EndGlobalSection
	GlobalSection(ProjectConfigurationPlatforms) = postSolution
		{96B26362-9AE4-40A9-A5A1-7B12504CF5DA}.Debug|Any CPU.ActiveCfg = Debug|Any CPU
		{96B26362-9AE4-40A9-A5A1-7B12504CF5DA}.Debug|Any CPU.Build.0 = Debug|Any CPU
		{96B26362-9AE4-40A9-A5A1-7B12504CF5DA}.Debug|x64.ActiveCfg = Debug|Any CPU
		{96B26362-9AE4-40A9-A5A1-7B12504CF5DA}.Debug|x64.Build.0 = Debug|Any CPU
		{96B26362-9AE4-40A9-A5A1-7B12504CF5DA}.Debug|x86.ActiveCfg = Debug|Any CPU
		{96B26362-9AE4-40A9-A5A1-7B12504CF5DA}.Debug|x86.Build.0 = Debug|Any CPU
		{96B26362-9AE4-40A9-A5A1-7B12504CF5DA}.Release|Any CPU.ActiveCfg = Release|Any CPU
		{96B26362-9AE4-40A9-A5A1-7B12504CF5DA}.Release|Any CPU.Build.0 = Release|Any CPU
		{96B26362-9AE4-40A9-A5A1-7B12504CF5DA}.Release|x64.ActiveCfg = Release|Any CPU
		{96B26362-9AE4-40A9-A5A1-7B12504CF5DA}.Release|x64.Build.0 = Release|Any CPU
		{96B26362-9AE4-40A9-A5A1-7B12504CF5DA}.Release|x86.ActiveCfg = Release|Any CPU
		{96B26362-9AE4-40A9-A5A1-7B12504CF5DA}.Release|x86.Build.0 = Release|Any CPU
		{D62D469A-8F29-4920-81F3-7FF703EFE502}.Debug|Any CPU.ActiveCfg = Debug|Any CPU
		{D62D469A-8F29-4920-81F3-7FF703EFE502}.Debug|Any CPU.Build.0 = Debug|Any CPU
		{D62D469A-8F29-4920-81F3-7FF703EFE502}.Debug|x64.ActiveCfg = Debug|Any CPU
		{D62D469A-8F29-4920-81F3-7FF703EFE502}.Debug|x64.Build.0 = Debug|Any CPU
		{D62D469A-8F29-4920-81F3-7FF703EFE502}.Debug|x86.ActiveCfg = Debug|Any CPU
		{D62D469A-8F29-4920-81F3-7FF703EFE502}.Debug|x86.Build.0 = Debug|Any CPU
		{D62D469A-8F29-4920-81F3-7FF703EFE502}.Release|Any CPU.ActiveCfg = Release|Any CPU
		{D62D469A-8F29-4920-81F3-7FF703EFE502}.Release|Any CPU.Build.0 = Release|Any CPU
		{D62D469A-8F29-4920-81F3-7FF703EFE502}.Release|x64.ActiveCfg = Release|Any CPU
		{D62D469A-8F29-4920-81F3-7FF703EFE502}.Release|x64.Build.0 = Release|Any CPU
		{D62D469A-8F29-4920-81F3-7FF703EFE502}.Release|x86.ActiveCfg = Release|Any CPU
		{D62D469A-8F29-4920-81F3-7FF703EFE502}.Release|x86.Build.0 = Release|Any CPU
		{F5C9C213-91D7-4335-8FB1-DAEFB34B9B64}.Debug|Any CPU.ActiveCfg = Debug|Any CPU
		{F5C9C213-91D7-4335-8FB1-DAEFB34B9B64}.Debug|Any CPU.Build.0 = Debug|Any CPU
		{F5C9C213-91D7-4335-8FB1-DAEFB34B9B64}.Debug|x64.ActiveCfg = Debug|Any CPU
		{F5C9C213-91D7-4335-8FB1-DAEFB34B9B64}.Debug|x64.Build.0 = Debug|Any CPU
		{F5C9C213-91D7-4335-8FB1-DAEFB34B9B64}.Debug|x86.ActiveCfg = Debug|Any CPU
		{F5C9C213-91D7-4335-8FB1-DAEFB34B9B64}.Debug|x86.Build.0 = Debug|Any CPU
		{F5C9C213-91D7-4335-8FB1-DAEFB34B9B64}.Release|Any CPU.ActiveCfg = Release|Any CPU
		{F5C9C213-91D7-4335-8FB1-DAEFB34B9B64}.Release|Any CPU.Build.0 = Release|Any CPU
		{F5C9C213-91D7-4335-8FB1-DAEFB34B9B64}.Release|x64.ActiveCfg = Release|Any CPU
		{F5C9C213-91D7-4335-8FB1-DAEFB34B9B64}.Release|x64.Build.0 = Release|Any CPU
		{F5C9C213-91D7-4335-8FB1-DAEFB34B9B64}.Release|x86.ActiveCfg = Release|Any CPU
		{F5C9C213-91D7-4335-8FB1-DAEFB34B9B64}.Release|x86.Build.0 = Release|Any CPU
		{566C9063-438C-4CCF-A70F-1097D5692BC5}.Debug|Any CPU.ActiveCfg = Debug|Any CPU
		{566C9063-438C-4CCF-A70F-1097D5692BC5}.Debug|Any CPU.Build.0 = Debug|Any CPU
		{566C9063-438C-4CCF-A70F-1097D5692BC5}.Debug|x64.ActiveCfg = Debug|Any CPU
		{566C9063-438C-4CCF-A70F-1097D5692BC5}.Debug|x64.Build.0 = Debug|Any CPU
		{566C9063-438C-4CCF-A70F-1097D5692BC5}.Debug|x86.ActiveCfg = Debug|Any CPU
		{566C9063-438C-4CCF-A70F-1097D5692BC5}.Debug|x86.Build.0 = Debug|Any CPU
		{566C9063-438C-4CCF-A70F-1097D5692BC5}.Release|Any CPU.ActiveCfg = Release|Any CPU
		{566C9063-438C-4CCF-A70F-1097D5692BC5}.Release|Any CPU.Build.0 = Release|Any CPU
		{566C9063-438C-4CCF-A70F-1097D5692BC5}.Release|x64.ActiveCfg = Release|Any CPU
		{566C9063-438C-4CCF-A70F-1097D5692BC5}.Release|x64.Build.0 = Release|Any CPU
		{566C9063-438C-4CCF-A70F-1097D5692BC5}.Release|x86.ActiveCfg = Release|Any CPU
		{566C9063-438C-4CCF-A70F-1097D5692BC5}.Release|x86.Build.0 = Release|Any CPU
		{E8C7034F-AC02-475C-BA02-35A3888C0ED1}.Debug|Any CPU.ActiveCfg = Debug|Any CPU
		{E8C7034F-AC02-475C-BA02-35A3888C0ED1}.Debug|Any CPU.Build.0 = Debug|Any CPU
		{E8C7034F-AC02-475C-BA02-35A3888C0ED1}.Debug|x64.ActiveCfg = Debug|Any CPU
		{E8C7034F-AC02-475C-BA02-35A3888C0ED1}.Debug|x64.Build.0 = Debug|Any CPU
		{E8C7034F-AC02-475C-BA02-35A3888C0ED1}.Debug|x86.ActiveCfg = Debug|Any CPU
		{E8C7034F-AC02-475C-BA02-35A3888C0ED1}.Debug|x86.Build.0 = Debug|Any CPU
		{E8C7034F-AC02-475C-BA02-35A3888C0ED1}.Release|Any CPU.ActiveCfg = Release|Any CPU
		{E8C7034F-AC02-475C-BA02-35A3888C0ED1}.Release|Any CPU.Build.0 = Release|Any CPU
		{E8C7034F-AC02-475C-BA02-35A3888C0ED1}.Release|x64.ActiveCfg = Release|Any CPU
		{E8C7034F-AC02-475C-BA02-35A3888C0ED1}.Release|x64.Build.0 = Release|Any CPU
		{E8C7034F-AC02-475C-BA02-35A3888C0ED1}.Release|x86.ActiveCfg = Release|Any CPU
		{E8C7034F-AC02-475C-BA02-35A3888C0ED1}.Release|x86.Build.0 = Release|Any CPU
		{C793D852-A3B5-4916-80CC-F76FA2A674A1}.Debug|Any CPU.ActiveCfg = Debug|Any CPU
		{C793D852-A3B5-4916-80CC-F76FA2A674A1}.Debug|Any CPU.Build.0 = Debug|Any CPU
		{C793D852-A3B5-4916-80CC-F76FA2A674A1}.Debug|x64.ActiveCfg = Debug|Any CPU
		{C793D852-A3B5-4916-80CC-F76FA2A674A1}.Debug|x64.Build.0 = Debug|Any CPU
		{C793D852-A3B5-4916-80CC-F76FA2A674A1}.Debug|x86.ActiveCfg = Debug|Any CPU
		{C793D852-A3B5-4916-80CC-F76FA2A674A1}.Debug|x86.Build.0 = Debug|Any CPU
		{C793D852-A3B5-4916-80CC-F76FA2A674A1}.Release|Any CPU.ActiveCfg = Release|Any CPU
		{C793D852-A3B5-4916-80CC-F76FA2A674A1}.Release|Any CPU.Build.0 = Release|Any CPU
		{C793D852-A3B5-4916-80CC-F76FA2A674A1}.Release|x64.ActiveCfg = Release|Any CPU
		{C793D852-A3B5-4916-80CC-F76FA2A674A1}.Release|x64.Build.0 = Release|Any CPU
		{C793D852-A3B5-4916-80CC-F76FA2A674A1}.Release|x86.ActiveCfg = Release|Any CPU
		{C793D852-A3B5-4916-80CC-F76FA2A674A1}.Release|x86.Build.0 = Release|Any CPU
		{A4E153EA-128A-456C-8BEB-1FA46DA7B0D2}.Debug|Any CPU.ActiveCfg = Debug|Any CPU
		{A4E153EA-128A-456C-8BEB-1FA46DA7B0D2}.Debug|Any CPU.Build.0 = Debug|Any CPU
		{A4E153EA-128A-456C-8BEB-1FA46DA7B0D2}.Debug|x64.ActiveCfg = Debug|Any CPU
		{A4E153EA-128A-456C-8BEB-1FA46DA7B0D2}.Debug|x64.Build.0 = Debug|Any CPU
		{A4E153EA-128A-456C-8BEB-1FA46DA7B0D2}.Debug|x86.ActiveCfg = Debug|Any CPU
		{A4E153EA-128A-456C-8BEB-1FA46DA7B0D2}.Debug|x86.Build.0 = Debug|Any CPU
		{A4E153EA-128A-456C-8BEB-1FA46DA7B0D2}.Release|Any CPU.ActiveCfg = Release|Any CPU
		{A4E153EA-128A-456C-8BEB-1FA46DA7B0D2}.Release|Any CPU.Build.0 = Release|Any CPU
		{A4E153EA-128A-456C-8BEB-1FA46DA7B0D2}.Release|x64.ActiveCfg = Release|Any CPU
		{A4E153EA-128A-456C-8BEB-1FA46DA7B0D2}.Release|x64.Build.0 = Release|Any CPU
		{A4E153EA-128A-456C-8BEB-1FA46DA7B0D2}.Release|x86.ActiveCfg = Release|Any CPU
		{A4E153EA-128A-456C-8BEB-1FA46DA7B0D2}.Release|x86.Build.0 = Release|Any CPU
	EndGlobalSection
	GlobalSection(SolutionProperties) = preSolution
		HideSolutionNode = FALSE
	EndGlobalSection
	GlobalSection(NestedProjects) = preSolution
		{96B26362-9AE4-40A9-A5A1-7B12504CF5DA} = {827E0CD3-B72D-47B6-A68D-7590B98EB39B}
		{D62D469A-8F29-4920-81F3-7FF703EFE502} = {827E0CD3-B72D-47B6-A68D-7590B98EB39B}
		{F5C9C213-91D7-4335-8FB1-DAEFB34B9B64} = {827E0CD3-B72D-47B6-A68D-7590B98EB39B}
		{566C9063-438C-4CCF-A70F-1097D5692BC5} = {827E0CD3-B72D-47B6-A68D-7590B98EB39B}
		{E8C7034F-AC02-475C-BA02-35A3888C0ED1} = {827E0CD3-B72D-47B6-A68D-7590B98EB39B}
		{C793D852-A3B5-4916-80CC-F76FA2A674A1} = {0AB3BF05-4346-4AA6-1389-037BE0695223}
		{A4E153EA-128A-456C-8BEB-1FA46DA7B0D2} = {0AB3BF05-4346-4AA6-1389-037BE0695223}
	EndGlobalSection
EndGlobal
